// !$*UTF8*$!
{
	archiveVersion = 1;
	classes = {
	};
	objectVersion = 77;
	objects = {

/* Begin PBXBuildFile section */
		0B9A3E9D2F53183D003BB337 /* AppConfig.swift in Sources */ = {isa = PBXBuildFile; fileRef = 0B9A3E9C2F53183D003BB337 /* AppConfig.swift */; };
		0B9A3E9F2F53183D003BB337 /* DashboardModels.swift in Sources */ = {isa = PBXBuildFile; fileRef = 0B9A3E9E2F53183D003BB337 /* DashboardModels.swift */; };
		0B9A3EA12F53183D003BB337 /* DashboardService.swift in Sources */ = {isa = PBXBuildFile; fileRef = 0B9A3EA02F53183D003BB337 /* DashboardService.swift */; };
		0B9A3EA32F53183D003BB337 /* DashboardViewModel.swift in Sources */ = {isa = PBXBuildFile; fileRef = 0B9A3EA22F53183D003BB337 /* DashboardViewModel.swift */; };
		0B9A3EA52F53184D003BB337 /* DashboardFormatting.swift in Sources */ = {isa = PBXBuildFile; fileRef = 0B9A3EA42F53184D003BB337 /* DashboardFormatting.swift */; };
		0B9A3ECA2F5330C3003BB337 /* APIKeyStore.swift in Sources */ = {isa = PBXBuildFile; fileRef = 0B9A3EC92F5330C3003BB337 /* APIKeyStore.swift */; };
		0B9A3ECC2F53337B003BB337 /* ToastBanner.swift in Sources */ = {isa = PBXBuildFile; fileRef = 0B9A3ECB2F53337B003BB337 /* ToastBanner.swift */; };
		0B9A3ECF2F53390C003BB337 /* prepare_homebrew_release.sh in Resources */ = {isa = PBXBuildFile; fileRef = 0B9A3ECD2F53390C003BB337 /* prepare_homebrew_release.sh */; };
		0B9A3ED7E805DA846A32C3BB /* UpdateChecker.swift in Sources */ = {isa = PBXBuildFile; fileRef = 0B9A3ED30877432D1026706D /* UpdateChecker.swift */; };
/* End PBXBuildFile section */

/* Begin PBXFileReference section */
		0B9A3E9C2F53183D003BB337 /* AppConfig.swift */ = {isa = PBXFileReference; lastKnownFileType = sourcecode.swift; path = AppConfig.swift; sourceTree = "<group>"; };
		0B9A3E9E2F53183D003BB337 /* DashboardModels.swift */ = {isa = PBXFileReference; lastKnownFileType = sourcecode.swift; path = DashboardModels.swift; sourceTree = "<group>"; };
		0B9A3EA02F53183D003BB337 /* DashboardService.swift */ = {isa = PBXFileReference; lastKnownFileType = sourcecode.swift; path = DashboardService.swift; sourceTree = "<group>"; };
		0B9A3EA22F53183D003BB337 /* DashboardViewModel.swift */ = {isa = PBXFileReference; lastKnownFileType = sourcecode.swift; path = DashboardViewModel.swift; sourceTree = "<group>"; };
		0B9A3EA42F53184D003BB337 /* DashboardFormatting.swift */ = {isa = PBXFileReference; lastKnownFileType = sourcecode.swift; path = DashboardFormatting.swift; sourceTree = "<group>"; };
		0B9A3EB02F5319E1003BB337 /* claudiable_status.entitlements */ = {isa = PBXFileReference; lastKnownFileType = text.plist.entitlements; path = claudiable_status.entitlements; sourceTree = "<group>"; };
		0B9A3EC92F5330C3003BB337 /* APIKeyStore.swift */ = {isa = PBXFileReference; lastKnownFileType = sourcecode.swift; path = APIKeyStore.swift; sourceTree = "<group>"; };
		0B9A3ECB2F53337B003BB337 /* ToastBanner.swift */ = {isa = PBXFileReference; lastKnownFileType = sourcecode.swift; path = ToastBanner.swift; sourceTree = "<group>"; };
		0B9A3ECD2F53390C003BB337 /* prepare_homebrew_release.sh */ = {isa = PBXFileReference; lastKnownFileType = text.script.sh; path = prepare_homebrew_release.sh; sourceTree = "<group>"; };
		0BB0C57B2F530796003F02F3 /* Claudible Status.app */ = {isa = PBXFileReference; explicitFileType = wrapper.application; includeInIndex = 0; path = "Claudible Status.app"; sourceTree = BUILT_PRODUCTS_DIR; };
		0B9A3ED30877432D1026706D /* UpdateChecker.swift */ = {isa = PBXFileReference; lastKnownFileType = sourcecode.swift; path = UpdateChecker.swift; sourceTree = "<group>"; };
/* End PBXFileReference section */

/* Begin PBXFileSystemSynchronizedRootGroup section */
		0BB0C57D2F530796003F02F3 /* claudiable_status */ = {
			isa = PBXFileSystemSynchronizedRootGroup;
			path = claudiable_status;
			sourceTree = "<group>";
		};
/* End PBXFileSystemSynchronizedRootGroup section */

/* Begin PBXFrameworksBuildPhase section */
		0BB0C5782F530796003F02F3 /* Frameworks */ = {
			isa = PBXFrameworksBuildPhase;
			buildActionMask = 2147483647;
			files = (
			);
			runOnlyForDeploymentPostprocessing = 0;
		};
/* End PBXFrameworksBuildPhase section */

/* Begin PBXGroup section */
		0B9A3ECE2F53390C003BB337 /* scripts */ = {
			isa = PBXGroup;
			children = (
				0B9A3ECD2F53390C003BB337 /* prepare_homebrew_release.sh */,
			);
			path = scripts;
			sourceTree = "<group>";
		};
		0BB0C5722F530796003F02F3 = {
			isa = PBXGroup;
			children = (
				0BB0C57D2F530796003F02F3 /* claudiable_status */,
				0BB0C57C2F530796003F02F3 /* Products */,
				0B9A3E9C2F53183D003BB337 /* AppConfig.swift */,
				0B9A3E9E2F53183D003BB337 /* DashboardModels.swift */,
				0B9A3EA02F53183D003BB337 /* DashboardService.swift */,
				0B9A3EA22F53183D003BB337 /* DashboardViewModel.swift */,
				0B9A3EA42F53184D003BB337 /* DashboardFormatting.swift */,
				0B9A3EB02F5319E1003BB337 /* claudiable_status.entitlements */,
				0B9A3EC92F5330C3003BB337 /* APIKeyStore.swift */,
				0B9A3ECB2F53337B003BB337 /* ToastBanner.swift */,
				0B9A3ED30877432D1026706D /* UpdateChecker.swift */,
				0B9A3ECE2F53390C003BB337 /* scripts */,
			);
			sourceTree = "<group>";
		};
		0BB0C57C2F530796003F02F3 /* Products */ = {
			isa = PBXGroup;
			children = (
				0BB0C57B2F530796003F02F3 /* Claudible Status.app */,
			);
			name = Products;
			sourceTree = "<group>";
		};
/* End PBXGroup section */

/* Begin PBXNativeTarget section */
		0BB0C57A2F530796003F02F3 /* claudiable_status */ = {
			isa = PBXNativeTarget;
			buildConfigurationList = 0BB0C5882F530797003F02F3 /* Build configuration list for PBXNativeTarget "claudiable_status" */;
			buildPhases = (
				0BB0C5772F530796003F02F3 /* Sources */,
				0BB0C5782F530796003F02F3 /* Frameworks */,
				0BB0C5792F530796003F02F3 /* Resources */,
			);
			buildRules = (
			);
			dependencies = (
			);
			fileSystemSynchronizedGroups = (
				0BB0C57D2F530796003F02F3 /* claudiable_status */,
			);
			name = claudiable_status;
			packageProductDependencies = (
			);
			productName = claudiable_status;
			productReference = 0BB0C57B2F530796003F02F3 /* Claudible Status.app */;
			productType = "com.apple.product-type.application";
		};
/* End PBXNativeTarget section */

/* Begin PBXProject section */
		0BB0C5732F530796003F02F3 /* Project object */ = {
			isa = PBXProject;
			attributes = {
				BuildIndependentTargetsInParallel = 1;
				LastSwiftUpdateCheck = 2620;
				LastUpgradeCheck = 2620;
				TargetAttributes = {
					0BB0C57A2F530796003F02F3 = {
						CreatedOnToolsVersion = 26.2;
					};
				};
			};
			buildConfigurationList = 0BB0C5762F530796003F02F3 /* Build configuration list for PBXProject "claudiable_status" */;
			developmentRegion = en;
			hasScannedForEncodings = 0;
			knownRegions = (
				en,
				Base,
			);
			mainGroup = 0BB0C5722F530796003F02F3;
			minimizedProjectReferenceProxies = 1;
			preferredProjectObjectVersion = 77;
			productRefGroup = 0BB0C57C2F530796003F02F3 /* Products */;
			projectDirPath = "";
			projectRoot = "";
			targets = (
				0BB0C57A2F530796003F02F3 /* claudiable_status */,
			);
		};
/* End PBXProject section */

/* Begin PBXResourcesBuildPhase section */
		0BB0C5792F530796003F02F3 /* Resources */ = {
			isa = PBXResourcesBuildPhase;
			buildActionMask = 2147483647;
			files = (
				0B9A3ECF2F53390C003BB337 /* prepare_homebrew_release.sh in Resources */,
			);
			runOnlyForDeploymentPostprocessing = 0;
		};
/* End PBXResourcesBuildPhase section */

/* Begin PBXSourcesBuildPhase section */
		0BB0C5772F530796003F02F3 /* Sources */ = {
			isa = PBXSourcesBuildPhase;
			buildActionMask = 2147483647;
			files = (
				0B9A3EA12F53183D003BB337 /* DashboardService.swift in Sources */,
				0B9A3ECC2F53337B003BB337 /* ToastBanner.swift in Sources */,
				0B9A3EA32F53183D003BB337 /* DashboardViewModel.swift in Sources */,
				0B9A3E9F2F53183D003BB337 /* DashboardModels.swift in Sources */,
				0B9A3ECA2F5330C3003BB337 /* APIKeyStore.swift in Sources */,
				0B9A3E9D2F53183D003BB337 /* AppConfig.swift in Sources */,
				0B9A3EA52F53184D003BB337 /* DashboardFormatting.swift in Sources */,
				0B9A3ED7E805DA846A32C3BB /* UpdateChecker.swift in Sources */,
			);
			runOnlyForDeploymentPostprocessing = 0;
		};
/* End PBXSourcesBuildPhase section */

/* Begin XCBuildConfiguration section */
		0BB0C5862F530797003F02F3 /* Debug */ = {
			isa = XCBuildConfiguration;
			buildSettings = {
				ALWAYS_SEARCH_USER_PATHS = NO;
				ASSETCATALOG_COMPILER_GENERATE_SWIFT_ASSET_SYMBOL_EXTENSIONS = YES;
				CLANG_ANALYZER_NONNULL = YES;
				CLANG_ANALYZER_NUMBER_OBJECT_CONVERSION = YES_AGGRESSIVE;
				CLANG_CXX_LANGUAGE_STANDARD = "gnu++20";
				CLANG_ENABLE_MODULES = YES;
				CLANG_ENABLE_OBJC_ARC = YES;
				CLANG_ENABLE_OBJC_WEAK = YES;
				CLANG_WARN_BLOCK_CAPTURE_AUTORELEASING = YES;
				CLANG_WARN_BOOL_CONVERSION = YES;
				CLANG_WARN_COMMA = YES;
				CLANG_WARN_CONSTANT_CONVERSION = YES;
				CLANG_WARN_DEPRECATED_OBJC_IMPLEMENTATIONS = YES;
				CLANG_WARN_DIRECT_OBJC_ISA_USAGE = YES_ERROR;
				CLANG_WARN_DOCUMENTATION_COMMENTS = YES;
				CLANG_WARN_EMPTY_BODY = YES;
				CLANG_WARN_ENUM_CONVERSION = YES;
				CLANG_WARN_INFINITE_RECURSION = YES;
				CLANG_WARN_INT_CONVERSION = YES;
				CLANG_WARN_NON_LITERAL_NULL_CONVERSION = YES;
				CLANG_WARN_OBJC_IMPLICIT_RETAIN_SELF = YES;
				CLANG_WARN_OBJC_LITERAL_CONVERSION = YES;
				CLANG_WARN_OBJC_ROOT_CLASS = YES_ERROR;
				CLANG_WARN_QUOTED_INCLUDE_IN_FRAMEWORK_HEADER = YES;
				CLANG_WARN_RANGE_LOOP_ANALYSIS = YES;
				CLANG_WARN_STRICT_PROTOTYPES = YES;
				CLANG_WARN_SUSPICIOUS_MOVE = YES;
				CLANG_WARN_UNGUARDED_AVAILABILITY = YES_AGGRESSIVE;
				CLANG_WARN_UNREACHABLE_CODE = YES;
				CLANG_WARN__DUPLICATE_METHOD_MATCH = YES;
				COPY_PHASE_STRIP = NO;
				DEBUG_INFORMATION_FORMAT = dwarf;
				DEVELOPMENT_TEAM = JT7D9HT45K;
				ENABLE_STRICT_OBJC_MSGSEND = YES;
				ENABLE_TESTABILITY = YES;
				ENABLE_USER_SCRIPT_SANDBOXING = YES;
				GCC_C_LANGUAGE_STANDARD = gnu17;
				GCC_DYNAMIC_NO_PIC = NO;
				GCC_NO_COMMON_BLOCKS = YES;
				GCC_OPTIMIZATION_LEVEL = 0;
				GCC_PREPROCESSOR_DEFINITIONS = (
					"DEBUG=1",
					"$(inherited)",
				);
				GCC_WARN_64_TO_32_BIT_CONVERSION = YES;
				GCC_WARN_ABOUT_RETURN_TYPE = YES_ERROR;
				GCC_WARN_UNDECLARED_SELECTOR = YES;
				GCC_WARN_UNINITIALIZED_AUTOS = YES_AGGRESSIVE;
				GCC_WARN_UNUSED_FUNCTION = YES;
				GCC_WARN_UNUSED_VARIABLE = YES;
				LOCALIZATION_PREFERS_STRING_CATALOGS = YES;
				MACOSX_DEPLOYMENT_TARGET = 26.2;
				MTL_ENABLE_DEBUG_INFO = INCLUDE_SOURCE;
				MTL_FAST_MATH = YES;
				ONLY_ACTIVE_ARCH = YES;
				SDKROOT = macosx;
				SWIFT_ACTIVE_COMPILATION_CONDITIONS = "DEBUG $(inherited)";
				SWIFT_OPTIMIZATION_LEVEL = "-Onone";
			};
			name = Debug;
		};
		0BB0C5872F530797003F02F3 /* Release */ = {
			isa = XCBuildConfiguration;
			buildSettings = {
				ALWAYS_SEARCH_USER_PATHS = NO;
				ASSETCATALOG_COMPILER_GENERATE_SWIFT_ASSET_SYMBOL_EXTENSIONS = YES;
				CLANG_ANALYZER_NONNULL = YES;
				CLANG_ANALYZER_NUMBER_OBJECT_CONVERSION = YES_AGGRESSIVE;
				CLANG_CXX_LANGUAGE_STANDARD = "gnu++20";
				CLANG_ENABLE_MODULES = YES;
				CLANG_ENABLE_OBJC_ARC = YES;
				CLANG_ENABLE_OBJC_WEAK = YES;
				CLANG_WARN_BLOCK_CAPTURE_AUTORELEASING = YES;
				CLANG_WARN_BOOL_CONVERSION = YES;
				CLANG_WARN_COMMA = YES;
				CLANG_WARN_CONSTANT_CONVERSION = YES;
				CLANG_WARN_DEPRECATED_OBJC_IMPLEMENTATIONS = YES;
				CLANG_WARN_DIRECT_OBJC_ISA_USAGE = YES_ERROR;
				CLANG_WARN_DOCUMENTATION_COMMENTS = YES;
				CLANG_WARN_EMPTY_BODY = YES;
				CLANG_WARN_ENUM_CONVERSION = YES;
				CLANG_WARN_INFINITE_RECURSION = YES;
				CLANG_WARN_INT_CONVERSION = YES;
				CLANG_WARN_NON_LITERAL_NULL_CONVERSION = YES;
				CLANG_WARN_OBJC_IMPLICIT_RETAIN_SELF = YES;
				CLANG_WARN_OBJC_LITERAL_CONVERSION = YES;
				CLANG_WARN_OBJC_ROOT_CLASS = YES_ERROR;
				CLANG_WARN_QUOTED_INCLUDE_IN_FRAMEWORK_HEADER = YES;
				CLANG_WARN_RANGE_LOOP_ANALYSIS = YES;
				CLANG_WARN_STRICT_PROTOTYPES = YES;
				CLANG_WARN_SUSPICIOUS_MOVE = YES;
				CLANG_WARN_UNGUARDED_AVAILABILITY = YES_AGGRESSIVE;
				CLANG_WARN_UNREACHABLE_CODE = YES;
				CLANG_WARN__DUPLICATE_METHOD_MATCH = YES;
				COPY_PHASE_STRIP = NO;
				DEBUG_INFORMATION_FORMAT = "dwarf-with-dsym";
				DEVELOPMENT_TEAM = JT7D9HT45K;
				ENABLE_NS_ASSERTIONS = NO;
				ENABLE_STRICT_OBJC_MSGSEND = YES;
				ENABLE_USER_SCRIPT_SANDBOXING = YES;
				GCC_C_LANGUAGE_STANDARD = gnu17;
				GCC_NO_COMMON_BLOCKS = YES;
				GCC_WARN_64_TO_32_BIT_CONVERSION = YES;
				GCC_WARN_ABOUT_RETURN_TYPE = YES_ERROR;
				GCC_WARN_UNDECLARED_SELECTOR = YES;
				GCC_WARN_UNINITIALIZED_AUTOS = YES_AGGRESSIVE;
				GCC_WARN_UNUSED_FUNCTION = YES;
				GCC_WARN_UNUSED_VARIABLE = YES;
				LOCALIZATION_PREFERS_STRING_CATALOGS = YES;
				MACOSX_DEPLOYMENT_TARGET = 26.2;
				MTL_ENABLE_DEBUG_INFO = NO;
				MTL_FAST_MATH = YES;
				SDKROOT = macosx;
				SWIFT_COMPILATION_MODE = wholemodule;
			};
			name = Release;
		};
		0BB0C5892F530797003F02F3 /* Debug */ = {
			isa = XCBuildConfiguration;
			buildSettings = {
				ASSETCATALOG_COMPILER_APPICON_NAME = AppIcon;
				ASSETCATALOG_COMPILER_GLOBAL_ACCENT_COLOR_NAME = AccentColor;
				CODE_SIGN_ENTITLEMENTS = claudiable_status.entitlements;
				"CODE_SIGN_IDENTITY[sdk=macosx*]" = "Apple Development";
				CODE_SIGN_STYLE = Automatic;
				COMBINE_HIDPI_IMAGES = YES;
				CURRENT_PROJECT_VERSION = 1;
				DEVELOPMENT_TEAM = JT7D9HT45K;
				ENABLE_APP_SANDBOX = YES;
				ENABLE_HARDENED_RUNTIME = YES;
				ENABLE_OUTGOING_NETWORK_CONNECTIONS = YES;
				ENABLE_PREVIEWS = YES;
				ENABLE_USER_SELECTED_FILES = readonly;
				GENERATE_INFOPLIST_FILE = YES;
				INFOPLIST_KEY_CFBundleDisplayName = "Claudible Status";
				INFOPLIST_KEY_NSHumanReadableCopyright = "";
				LD_RUNPATH_SEARCH_PATHS = (
					"$(inherited)",
					"@executable_path/../Frameworks",
				);
				MARKETING_VERSION = 1.4.0;
				PRODUCT_BUNDLE_IDENTIFIER = "devden.claudiable-status";
				PRODUCT_NAME = "Claudible Status";
				REGISTER_APP_GROUPS = YES;
				STRING_CATALOG_GENERATE_SYMBOLS = YES;
				SWIFT_APPROACHABLE_CONCURRENCY = YES;
				SWIFT_DEFAULT_ACTOR_ISOLATION = MainActor;
				SWIFT_EMIT_LOC_STRINGS = YES;
				SWIFT_UPCOMING_FEATURE_MEMBER_IMPORT_VISIBILITY = YES;
				SWIFT_VERSION = 5.0;
			};
			name = Debug;
		};
		0BB0C58A2F530797003F02F3 /* Release */ = {
			isa = XCBuildConfiguration;
			buildSettings = {
				ASSETCATALOG_COMPILER_APPICON_NAME = AppIcon;
				ASSETCATALOG_COMPILER_GLOBAL_ACCENT_COLOR_NAME = AccentColor;
				CODE_SIGN_ENTITLEMENTS = claudiable_status.entitlements;
				"CODE_SIGN_IDENTITY[sdk=macosx*]" = "Apple Development";
				CODE_SIGN_STYLE = Automatic;
				COMBINE_HIDPI_IMAGES = YES;
				CURRENT_PROJECT_VERSION = 1;
				DEVELOPMENT_TEAM = JT7D9HT45K;
				ENABLE_APP_SANDBOX = YES;
				ENABLE_HARDENED_RUNTIME = YES;
				ENABLE_OUTGOING_NETWORK_CONNECTIONS = YES;
				ENABLE_PREVIEWS = YES;
				ENABLE_USER_SELECTED_FILES = readonly;
				GENERATE_INFOPLIST_FILE = YES;
				INFOPLIST_KEY_CFBundleDisplayName = "Claudible Status";
				INFOPLIST_KEY_NSHumanReadableCopyright = "";
				LD_RUNPATH_SEARCH_PATHS = (
					"$(inherited)",
					"@executable_path/../Frameworks",
				);
				MARKETING_VERSION = 1.4.0;
				PRODUCT_BUNDLE_IDENTIFIER = "devden.claudiable-status";
				PRODUCT_NAME = "Claudible Status";
				REGISTER_APP_GROUPS = YES;
				STRING_CATALOG_GENERATE_SYMBOLS = YES;
				SWIFT_APPROACHABLE_CONCURRENCY = YES;
				SWIFT_DEFAULT_ACTOR_ISOLATION = MainActor;
				SWIFT_EMIT_LOC_STRINGS = YES;
				SWIFT_UPCOMING_FEATURE_MEMBER_IMPORT_VISIBILITY = YES;
				SWIFT_VERSION = 5.0;
			};
			name = Release;
		};
/* End XCBuildConfiguration section */

/* Begin XCConfigurationList section */
		0BB0C5762F530796003F02F3 /* Build configuration list for PBXProject "claudiable_status" */ = {
			isa = XCConfigurationList;
			buildConfigurations = (
				0BB0C5862F530797003F02F3 /* Debug */,
				0BB0C5872F530797003F02F3 /* Release */,
			);
			defaultConfigurationIsVisible = 0;
			defaultConfigurationName = Release;
		};
		0BB0C5882F530797003F02F3 /* Build configuration list for PBXNativeTarget "claudiable_status" */ = {
			isa = XCConfigurationList;
			buildConfigurations = (
				0BB0C5892F530797003F02F3 /* Debug */,
				0BB0C58A2F530797003F02F3 /* Release */,
			);
			defaultConfigurationIsVisible = 0;
			defaultConfigurationName = Release;
		};
/* End XCConfigurationList section */
	};
	rootObject = 0BB0C5732F530796003F02F3 /* Project object */;
}
